<?xml version="1.0" encoding="utf-8"?>
<Project ToolsVersion="4.0" xmlns="http://schemas.microsoft.com/developer/msbuild/2003">
  <ItemGroup>
    <Filter Include="Resource Files">
      <UniqueIdentifier>{67DA6AB6-F800-4c08-8B7A-83BB121AAD01}</UniqueIdentifier>
      <Extensions>rc;ico;cur;bmp;dlg;rc2;rct;bin;rgs;gif;jpg;jpeg;jpe;resx;tiff;tif;png;wav;mfcribbon-ms</Extensions>
    </Filter>
    <Filter Include="Engine">
      <UniqueIdentifier>{f855eb85-3b6d-4de5-a490-8a5c9a4e63d4}</UniqueIdentifier>
    </Filter>
    <Filter Include="Engine\Public">
      <UniqueIdentifier>{09bc887c-9315-4a09-9eb7-6b61ef325fa9}</UniqueIdentifier>
    </Filter>
    <Filter Include="Engine\Private">
      <UniqueIdentifier>{64790766-3150-42cc-a44a-e8090f1ab016}</UniqueIdentifier>
    </Filter>
    <Filter Include="ExampleApplication">
      <UniqueIdentifier>{3bd53fb1-e35f-40b6-8c92-38aa7e2cdaa8}</UniqueIdentifier>
    </Filter>
    <Filter Include="ExampleApplication\App_1">
      <UniqueIdentifier>{cd69f4d8-ddbd-4c40-9b04-b32525072a03}</UniqueIdentifier>
    </Filter>
    <Filter Include="ExampleApplication\App_2">
      <UniqueIdentifier>{64eaad76-85e2-4337-8a40-ecda3a45c6ad}</UniqueIdentifier>
    </Filter>
  </ItemGroup>
  <ItemGroup>
    <ClCompile Include="main.cpp" />
    <ClCompile Include="Engine\Private\Window.cpp">
      <Filter>Engine\Private</Filter>
    </ClCompile>
    <ClCompile Include="Engine\Private\GraphicsRenderer.cpp">
      <Filter>Engine\Private</Filter>
    </ClCompile>
    <ClCompile Include="Engine\Private\GameTimer.cpp">
      <Filter>Engine\Private</Filter>
    </ClCompile>
    <ClCompile Include="Engine\Private\FoxEngine.cpp">
      <Filter>Engine\Private</Filter>
    </ClCompile>
    <ClCompile Include="ExampleApplication\TestApp_1\TestApp_1.cpp">
      <Filter>ExampleApplication\App_1</Filter>
    </ClCompile>
    <ClCompile Include="ExampleApplication\TestApp_2\TestApp_2.cpp">
      <Filter>ExampleApplication\App_2</Filter>
    </ClCompile>
    <ClCompile Include="AssetsManager\Primitives\PrimitiveShape.cpp" />
    <ClCompile Include="AssetsManager\Primitives\CubePrimitive\CubePrimitiveShape.cpp" />
  </ItemGroup>
  <ItemGroup>
    <ClInclude Include="Engine\Public\Window.h">
      <Filter>Engine\Public</Filter>
    </ClInclude>
    <ClInclude Include="Engine\Public\GraphicsRenderer.h">
      <Filter>Engine\Public</Filter>
    </ClInclude>
    <ClInclude Include="Engine\Public\GameTimer.h">
      <Filter>Engine\Public</Filter>
    </ClInclude>
    <ClInclude Include="Engine\Public\FoxEngine.h">
      <Filter>Engine\Public</Filter>
    </ClInclude>
    <ClInclude Include="ExampleApplication\TestApp_1\TestApp_1.h">
      <Filter>ExampleApplication\App_1</Filter>
    </ClInclude>
    <ClInclude Include="ExampleApplication\TestApp_2\TestApp_2.h">
      <Filter>ExampleApplication\App_2</Filter>
    </ClInclude>
    <ClInclude Include="AssetsManager\Primitives\PrimitiveShape.h" />
    <ClInclude Include="Utils\Helper.h" />
    <ClInclude Include="AssetsManager\AssetsBase.h" />
    <ClInclude Include="AssetsManager\Primitives\CubePrimitive\CubePrimitiveShape.h" />
  </ItemGroup>
  <ItemGroup>
    <FxCompile Include="Effects\Primitives\Cube\Cube_VS.hlsl" />
    <FxCompile Include="Effects\Primitives\Cube\Cube_PS.hlsl" />
  </ItemGroup>
  <ItemGroup>
    <None Include="Effects\Primitives\Cube\Cube.fx" />
  </ItemGroup>
</Project>